{
  "nodes": {
    "nixpkgs": {
      "locked": {
        "lastModified": 1735915915,
        "narHash": "sha256-Q4HuFAvoKAIiTRZTUxJ0ZXeTC7lLfC9/dggGHNXNlCw=",
        "owner": "NixOS",
        "repo": "nixpkgs",
        "rev": "a27871180d30ebee8aa6b11bf7fef8a52f024733",
        "type": "github"
      },
      "original": {
        "owner": "NixOS",
        "ref": "nixpkgs-unstable",
        "repo": "nixpkgs",
        "type": "github"
      }
    },
    "root": {
      "inputs": {
        "nixpkgs": "nixpkgs",
        "sam-zola": "sam-zola"
      }
    },
    "sam-zola": {
      "flake": false,
      "locked": {
        "lastModified": 1612976548,
        "narHash": "sha256-ut1NiSM0GooRrHFikvuTCLU2XhpplhFQejFSbTa9ZdU=",
        "owner": "janbaudisch",
        "repo": "zola-sam",
        "rev": "890b51b4105fd2e63f5e417e5cb63b8e25d5721f",
        "type": "github"
      },
      "original": {
        "owner": "janbaudisch",
        "repo": "zola-sam",
        "type": "github"
      }
    }
  },
  "root": "root",
  "version": 7
}
