{
  "nodes": {
    "nixpkgs": {
      "locked": {
        "lastModified": 1735915915,
        "narHash": "sha256-Q4HuFAvoKAIiTRZTUxJ0ZXeTC7lLfC9/dggGHNXNlCw=",
        "owner": "NixOS",
        "repo": "nixpkgs",
        "rev": "a27871180d30ebee8aa6b11bf7fef8a52f024733",
        "type": "github"
      },
      "original": {
        "owner": "NixOS",
        "ref": "nixpkgs-unstable",
        "repo": "nixpkgs",
        "type": "github"
      }
    },
    "resume": {
      "inputs": {
        "nixpkgs": [
          "nixpkgs"
        ]
      },
      "locked": {
        "lastModified": 1736534485,
        "narHash": "sha256-Mo7Rv+g2ibeuJzvDNxUr+IiSqnPRFp7Mp9NGhOO3vBQ=",
        "owner": "nezia1",
        "repo": "resume",
        "rev": "4cc864ad6d7b20d7dc40d18efdfbf6c44f12b7af",
        "type": "github"
      },
      "original": {
        "owner": "nezia1",
        "repo": "resume",
        "type": "github"
      }
    },
    "root": {
      "inputs": {
        "nixpkgs": "nixpkgs",
        "resume": "resume",
        "tabi": "tabi"
      }
    },
    "tabi": {
      "flake": false,
      "locked": {
        "lastModified": 1735987152,
        "narHash": "sha256-fVfwNGlSJkfg93YIkRion1HiYANcDBywr4g8x35e1+k=",
        "owner": "welpo",
        "repo": "tabi",
        "rev": "de6fa58fe3b276c12f16f9ddc1cf9f93269161f9",
        "type": "github"
      },
      "original": {
        "owner": "welpo",
        "repo": "tabi",
        "type": "github"
      }
    }
  },
  "root": "root",
  "version": 7
}
